# This file is generated by running "yarn install" inside your project.
# Manual changes might be lost - proceed with caution!

__metadata:
  version: 8
  cacheKey: 10c0

"alpha-35ccdc@workspace:modules/alpha":
  version: 0.0.0-use.local
  resolution: "alpha-35ccdc@workspace:modules/alpha"
  languageName: unknown
  linkType: soft

"beta-126385@workspace:modules/beta":
  version: 0.0.0-use.local
  resolution: "beta-126385@workspace:modules/beta"
  languageName: unknown
  linkType: soft

"docs-c16982@workspace:modules/docs":
  version: 0.0.0-use.local
  resolution: "docs-c16982@workspace:modules/docs"
  languageName: unknown
  linkType: soft

"root-workspace-0b6124@workspace:.":
  version: 0.0.0-use.local
  resolution: "root-workspace-0b6124@workspace:."
  languageName: unknown
  linkType: soft
