# This file is generated by running "yarn install" inside your project.
# Manual changes might be lost - proceed with caution!

__metadata:
  version: 8
  cacheKey: 10c0

"docs-8895dd@workspace:docs":
  version: 0.0.0-use.local
  resolution: "docs-8895dd@workspace:docs"
  languageName: unknown
  linkType: soft

"lib-d2c8ef@workspace:lib":
  version: 0.0.0-use.local
  resolution: "lib-d2c8ef@workspace:lib"
  languageName: unknown
  linkType: soft

"root-workspace-0b6124@workspace:.":
  version: 0.0.0-use.local
  resolution: "root-workspace-0b6124@workspace:."
  languageName: unknown
  linkType: soft
